
Microsoft Visual Studio Solution File, Format Version 12.00
# Visual Studio Version 17
VisualStudioVersion = 17.1.32210.238
MinimumVisualStudioVersion = 10.0.40219.1
Project("{9A19103F-16F7-4668-BE54-9A1E7A4F7556}") = "ECommerceStoreApp.DataAccess", "ECommerceStoreApp.DataAccess\ECommerceStoreApp.DataAccess.csproj", "{35283A67-C8CD-4A36-89EB-C5A47575979E}"
EndProject
Project("{9A19103F-16F7-4668-BE54-9A1E7A4F7556}") = "ECommerceStoreApp.Shared", "Shared\ECommerceStoreApp.Shared.csproj", "{561289BE-5E51-48BB-9570-03EC19017F19}"
EndProject
Project("{9A19103F-16F7-4668-BE54-9A1E7A4F7556}") = "ECommerceStoreApp.Business", "ECommerceStoreApp.Business\ECommerceStoreApp.Business.csproj", "{BD795EDB-5F3C-4DCC-8291-EC87CCE32CA5}"
EndProject
Project("{9A19103F-16F7-4668-BE54-9A1E7A4F7556}") = "ECommerceStoreApp.Web", "ECommerceStoreApp.Web\ECommerceStoreApp.Web.csproj", "{46590D7D-D32C-4DEC-9C0A-0DF06091A3FF}"
EndProject
Global
	GlobalSection(SolutionConfigurationPlatforms) = preSolution
		Debug|Any CPU = Debug|Any CPU
		Release|Any CPU = Release|Any CPU
	EndGlobalSection
	GlobalSection(ProjectConfigurationPlatforms) = postSolution
		{35283A67-C8CD-4A36-89EB-C5A47575979E}.Debug|Any CPU.ActiveCfg = Debug|Any CPU
		{35283A67-C8CD-4A36-89EB-C5A47575979E}.Debug|Any CPU.Build.0 = Debug|Any CPU
		{35283A67-C8CD-4A36-89EB-C5A47575979E}.Release|Any CPU.ActiveCfg = Release|Any CPU
		{35283A67-C8CD-4A36-89EB-C5A47575979E}.Release|Any CPU.Build.0 = Release|Any CPU
		{561289BE-5E51-48BB-9570-03EC19017F19}.Debug|Any CPU.ActiveCfg = Debug|Any CPU
		{561289BE-5E51-48BB-9570-03EC19017F19}.Debug|Any CPU.Build.0 = Debug|Any CPU
		{561289BE-5E51-48BB-9570-03EC19017F19}.Release|Any CPU.ActiveCfg = Release|Any CPU
		{561289BE-5E51-48BB-9570-03EC19017F19}.Release|Any CPU.Build.0 = Release|Any CPU
		{BD795EDB-5F3C-4DCC-8291-EC87CCE32CA5}.Debug|Any CPU.ActiveCfg = Debug|Any CPU
		{BD795EDB-5F3C-4DCC-8291-EC87CCE32CA5}.Debug|Any CPU.Build.0 = Debug|Any CPU
		{BD795EDB-5F3C-4DCC-8291-EC87CCE32CA5}.Release|Any CPU.ActiveCfg = Release|Any CPU
		{BD795EDB-5F3C-4DCC-8291-EC87CCE32CA5}.Release|Any CPU.Build.0 = Release|Any CPU
		{46590D7D-D32C-4DEC-9C0A-0DF06091A3FF}.Debug|Any CPU.ActiveCfg = Debug|Any CPU
		{46590D7D-D32C-4DEC-9C0A-0DF06091A3FF}.Debug|Any CPU.Build.0 = Debug|Any CPU
		{46590D7D-D32C-4DEC-9C0A-0DF06091A3FF}.Release|Any CPU.ActiveCfg = Release|Any CPU
		{46590D7D-D32C-4DEC-9C0A-0DF06091A3FF}.Release|Any CPU.Build.0 = Release|Any CPU
	EndGlobalSection
	GlobalSection(SolutionProperties) = preSolution
		HideSolutionNode = FALSE
	EndGlobalSection
	GlobalSection(ExtensibilityGlobals) = postSolution
		SolutionGuid = {FC0C9153-26CA-446F-B09B-672EB84B0B3C}
	EndGlobalSection
EndGlobal
