
Microsoft Visual Studio Solution File, Format Version 12.00
# Visual Studio Version 17
VisualStudioVersion = 17.1.32210.238
MinimumVisualStudioVersion = 10.0.40219.1
Project("{FAE04EC0-301F-11D3-BF4B-00C04F79EFBC}") = "ECommerceStoreApp", "ECommerceStoreApp\ECommerceStoreApp.csproj", "{8E324A1C-393E-446D-A435-CB92F3403A2E}"
EndProject
Project("{FAE04EC0-301F-11D3-BF4B-00C04F79EFBC}") = "ECommerceStoreApp.DataAccess", "ECommerceStoreApp.DataAccess\ECommerceStoreApp.DataAccess.csproj", "{35283A67-C8CD-4A36-89EB-C5A47575979E}"
EndProject
Project("{FAE04EC0-301F-11D3-BF4B-00C04F79EFBC}") = "ECommerceStoreApp.Domain", "ECommerceStoreApp.Domain\ECommerceStoreApp.Domain.csproj", "{770EAB39-BBED-44F4-B618-DB1ACB800C0B}"
EndProject
Global
	GlobalSection(SolutionConfigurationPlatforms) = preSolution
		Debug|Any CPU = Debug|Any CPU
		Release|Any CPU = Release|Any CPU
	EndGlobalSection
	GlobalSection(ProjectConfigurationPlatforms) = postSolution
		{8E324A1C-393E-446D-A435-CB92F3403A2E}.Debug|Any CPU.ActiveCfg = Debug|Any CPU
		{8E324A1C-393E-446D-A435-CB92F3403A2E}.Debug|Any CPU.Build.0 = Debug|Any CPU
		{8E324A1C-393E-446D-A435-CB92F3403A2E}.Release|Any CPU.ActiveCfg = Release|Any CPU
		{8E324A1C-393E-446D-A435-CB92F3403A2E}.Release|Any CPU.Build.0 = Release|Any CPU
		{35283A67-C8CD-4A36-89EB-C5A47575979E}.Debug|Any CPU.ActiveCfg = Debug|Any CPU
		{35283A67-C8CD-4A36-89EB-C5A47575979E}.Debug|Any CPU.Build.0 = Debug|Any CPU
		{35283A67-C8CD-4A36-89EB-C5A47575979E}.Release|Any CPU.ActiveCfg = Release|Any CPU
		{35283A67-C8CD-4A36-89EB-C5A47575979E}.Release|Any CPU.Build.0 = Release|Any CPU
		{770EAB39-BBED-44F4-B618-DB1ACB800C0B}.Debug|Any CPU.ActiveCfg = Debug|Any CPU
		{770EAB39-BBED-44F4-B618-DB1ACB800C0B}.Debug|Any CPU.Build.0 = Debug|Any CPU
		{770EAB39-BBED-44F4-B618-DB1ACB800C0B}.Release|Any CPU.ActiveCfg = Release|Any CPU
		{770EAB39-BBED-44F4-B618-DB1ACB800C0B}.Release|Any CPU.Build.0 = Release|Any CPU
	EndGlobalSection
	GlobalSection(SolutionProperties) = preSolution
		HideSolutionNode = FALSE
	EndGlobalSection
	GlobalSection(ExtensibilityGlobals) = postSolution
		SolutionGuid = {FC0C9153-26CA-446F-B09B-672EB84B0B3C}
	EndGlobalSection
EndGlobal
